
Microsoft Visual Studio Solution File, Format Version 12.00
# Visual Studio Version 17
VisualStudioVersion = 17.8.34309.116
MinimumVisualStudioVersion = 10.0.40219.1
Project("{2150E333-8FDC-42A3-9474-1A3956D46DE8}") = "Services", "Services", "{DA13E24A-FBB3-417A-81F7-DBE541B67CF0}"
EndProject
Project("{2150E333-8FDC-42A3-9474-1A3956D46DE8}") = "PersonService", "PersonService", "{96424FBD-7664-4FC3-9AFE-3F07A6461DFC}"
EndProject
Project("{2150E333-8FDC-42A3-9474-1A3956D46DE8}") = "Core", "Core", "{5BFA5A33-94F6-4EAA-9739-E9315D9AB6B2}"
EndProject
Project("{2150E333-8FDC-42A3-9474-1A3956D46DE8}") = "External", "External", "{02B3ADD8-1BFA-4EFE-8C95-306BB1237090}"
EndProject
Project("{FAE04EC0-301F-11D3-BF4B-00C04F79EFBC}") = "PersonService.Domain", "PersonService.Domain\PersonService.Domain.csproj", "{2EB71E6A-A51E-469E-A41E-5E1B11199DA5}"
EndProject
Project("{2150E333-8FDC-42A3-9474-1A3956D46DE8}") = "src", "src", "{CAF3DB8C-B931-4B10-926A-FF7180D9DEAB}"
EndProject
Project("{2150E333-8FDC-42A3-9474-1A3956D46DE8}") = "test", "test", "{E447B1F7-1C7C-463A-A963-03AE98DF76A2}"
EndProject
Project("{FAE04EC0-301F-11D3-BF4B-00C04F79EFBC}") = "PersonService.Application", "PersonService.Application\PersonService.Application.csproj", "{5DAD1174-9E67-40E0-A1A1-BB8BEA40F48E}"
EndProject
Project("{FAE04EC0-301F-11D3-BF4B-00C04F79EFBC}") = "PersonService.Persistance", "PersonService.Persistance\PersonService.Persistance.csproj", "{AE70AC3F-E938-45AA-81FD-1CE6A4D57ADF}"
EndProject
Project("{FAE04EC0-301F-11D3-BF4B-00C04F79EFBC}") = "PersonService.Infrasturcture", "PersonService.Infrasturcture\PersonService.Infrasturcture.csproj", "{1F78ACE9-8081-4D89-9157-783AD3E58A39}"
EndProject
Project("{FAE04EC0-301F-11D3-BF4B-00C04F79EFBC}") = "PersonService.Presentation", "PersonService.Presentation\PersonService.Presentation.csproj", "{52DDE45C-3EF9-41A9-AA6F-8BBC589ACE7A}"
EndProject
Project("{FAE04EC0-301F-11D3-BF4B-00C04F79EFBC}") = "PersonService.Api", "PersonService.Api\PersonService.Api.csproj", "{543C2F83-D85C-4959-8ACF-1AAC385D0B2A}"
EndProject
Global
	GlobalSection(SolutionConfigurationPlatforms) = preSolution
		Debug|Any CPU = Debug|Any CPU
		Release|Any CPU = Release|Any CPU
	EndGlobalSection
	GlobalSection(ProjectConfigurationPlatforms) = postSolution
		{2EB71E6A-A51E-469E-A41E-5E1B11199DA5}.Debug|Any CPU.ActiveCfg = Debug|Any CPU
		{2EB71E6A-A51E-469E-A41E-5E1B11199DA5}.Debug|Any CPU.Build.0 = Debug|Any CPU
		{2EB71E6A-A51E-469E-A41E-5E1B11199DA5}.Release|Any CPU.ActiveCfg = Release|Any CPU
		{2EB71E6A-A51E-469E-A41E-5E1B11199DA5}.Release|Any CPU.Build.0 = Release|Any CPU
		{5DAD1174-9E67-40E0-A1A1-BB8BEA40F48E}.Debug|Any CPU.ActiveCfg = Debug|Any CPU
		{5DAD1174-9E67-40E0-A1A1-BB8BEA40F48E}.Debug|Any CPU.Build.0 = Debug|Any CPU
		{5DAD1174-9E67-40E0-A1A1-BB8BEA40F48E}.Release|Any CPU.ActiveCfg = Release|Any CPU
		{5DAD1174-9E67-40E0-A1A1-BB8BEA40F48E}.Release|Any CPU.Build.0 = Release|Any CPU
		{AE70AC3F-E938-45AA-81FD-1CE6A4D57ADF}.Debug|Any CPU.ActiveCfg = Debug|Any CPU
		{AE70AC3F-E938-45AA-81FD-1CE6A4D57ADF}.Debug|Any CPU.Build.0 = Debug|Any CPU
		{AE70AC3F-E938-45AA-81FD-1CE6A4D57ADF}.Release|Any CPU.ActiveCfg = Release|Any CPU
		{AE70AC3F-E938-45AA-81FD-1CE6A4D57ADF}.Release|Any CPU.Build.0 = Release|Any CPU
		{1F78ACE9-8081-4D89-9157-783AD3E58A39}.Debug|Any CPU.ActiveCfg = Debug|Any CPU
		{1F78ACE9-8081-4D89-9157-783AD3E58A39}.Debug|Any CPU.Build.0 = Debug|Any CPU
		{1F78ACE9-8081-4D89-9157-783AD3E58A39}.Release|Any CPU.ActiveCfg = Release|Any CPU
		{1F78ACE9-8081-4D89-9157-783AD3E58A39}.Release|Any CPU.Build.0 = Release|Any CPU
		{52DDE45C-3EF9-41A9-AA6F-8BBC589ACE7A}.Debug|Any CPU.ActiveCfg = Debug|Any CPU
		{52DDE45C-3EF9-41A9-AA6F-8BBC589ACE7A}.Debug|Any CPU.Build.0 = Debug|Any CPU
		{52DDE45C-3EF9-41A9-AA6F-8BBC589ACE7A}.Release|Any CPU.ActiveCfg = Release|Any CPU
		{52DDE45C-3EF9-41A9-AA6F-8BBC589ACE7A}.Release|Any CPU.Build.0 = Release|Any CPU
		{543C2F83-D85C-4959-8ACF-1AAC385D0B2A}.Debug|Any CPU.ActiveCfg = Debug|Any CPU
		{543C2F83-D85C-4959-8ACF-1AAC385D0B2A}.Debug|Any CPU.Build.0 = Debug|Any CPU
		{543C2F83-D85C-4959-8ACF-1AAC385D0B2A}.Release|Any CPU.ActiveCfg = Release|Any CPU
		{543C2F83-D85C-4959-8ACF-1AAC385D0B2A}.Release|Any CPU.Build.0 = Release|Any CPU
	EndGlobalSection
	GlobalSection(SolutionProperties) = preSolution
		HideSolutionNode = FALSE
	EndGlobalSection
	GlobalSection(NestedProjects) = preSolution
		{96424FBD-7664-4FC3-9AFE-3F07A6461DFC} = {DA13E24A-FBB3-417A-81F7-DBE541B67CF0}
		{5BFA5A33-94F6-4EAA-9739-E9315D9AB6B2} = {CAF3DB8C-B931-4B10-926A-FF7180D9DEAB}
		{02B3ADD8-1BFA-4EFE-8C95-306BB1237090} = {CAF3DB8C-B931-4B10-926A-FF7180D9DEAB}
		{2EB71E6A-A51E-469E-A41E-5E1B11199DA5} = {5BFA5A33-94F6-4EAA-9739-E9315D9AB6B2}
		{CAF3DB8C-B931-4B10-926A-FF7180D9DEAB} = {96424FBD-7664-4FC3-9AFE-3F07A6461DFC}
		{E447B1F7-1C7C-463A-A963-03AE98DF76A2} = {96424FBD-7664-4FC3-9AFE-3F07A6461DFC}
		{5DAD1174-9E67-40E0-A1A1-BB8BEA40F48E} = {5BFA5A33-94F6-4EAA-9739-E9315D9AB6B2}
		{AE70AC3F-E938-45AA-81FD-1CE6A4D57ADF} = {02B3ADD8-1BFA-4EFE-8C95-306BB1237090}
		{1F78ACE9-8081-4D89-9157-783AD3E58A39} = {02B3ADD8-1BFA-4EFE-8C95-306BB1237090}
		{52DDE45C-3EF9-41A9-AA6F-8BBC589ACE7A} = {02B3ADD8-1BFA-4EFE-8C95-306BB1237090}
		{543C2F83-D85C-4959-8ACF-1AAC385D0B2A} = {CAF3DB8C-B931-4B10-926A-FF7180D9DEAB}
	EndGlobalSection
	GlobalSection(ExtensibilityGlobals) = postSolution
		SolutionGuid = {941DB20C-D815-41A1-AB25-6393A2564AAB}
	EndGlobalSection
EndGlobal
