
Microsoft Visual Studio Solution File, Format Version 12.00
# Visual Studio Version 17
VisualStudioVersion = 17.8.34309.116
MinimumVisualStudioVersion = 10.0.40219.1
Project("{2150E333-8FDC-42A3-9474-1A3956D46DE8}") = "Services", "Services", "{DA13E24A-FBB3-417A-81F7-DBE541B67CF0}"
EndProject
Project("{2150E333-8FDC-42A3-9474-1A3956D46DE8}") = "PersonService", "PersonService", "{96424FBD-7664-4FC3-9AFE-3F07A6461DFC}"
EndProject
Project("{2150E333-8FDC-42A3-9474-1A3956D46DE8}") = "Core", "Core", "{5BFA5A33-94F6-4EAA-9739-E9315D9AB6B2}"
EndProject
Project("{2150E333-8FDC-42A3-9474-1A3956D46DE8}") = "External", "External", "{02B3ADD8-1BFA-4EFE-8C95-306BB1237090}"
EndProject
Project("{9A19103F-16F7-4668-BE54-9A1E7A4F7556}") = "PersonService.Domain", "PersonService.Domain\PersonService.Domain.csproj", "{2EB71E6A-A51E-469E-A41E-5E1B11199DA5}"
EndProject
Project("{2150E333-8FDC-42A3-9474-1A3956D46DE8}") = "src", "src", "{CAF3DB8C-B931-4B10-926A-FF7180D9DEAB}"
EndProject
Project("{2150E333-8FDC-42A3-9474-1A3956D46DE8}") = "test", "test", "{E447B1F7-1C7C-463A-A963-03AE98DF76A2}"
EndProject
Project("{9A19103F-16F7-4668-BE54-9A1E7A4F7556}") = "PersonService.Application", "PersonService.Application\PersonService.Application.csproj", "{5DAD1174-9E67-40E0-A1A1-BB8BEA40F48E}"
EndProject
Project("{9A19103F-16F7-4668-BE54-9A1E7A4F7556}") = "PersonService.Persistance", "PersonService.Persistance\PersonService.Persistance.csproj", "{AE70AC3F-E938-45AA-81FD-1CE6A4D57ADF}"
EndProject
Project("{9A19103F-16F7-4668-BE54-9A1E7A4F7556}") = "PersonService.Infrasturcture", "PersonService.Infrasturcture\PersonService.Infrasturcture.csproj", "{1F78ACE9-8081-4D89-9157-783AD3E58A39}"
EndProject
Project("{9A19103F-16F7-4668-BE54-9A1E7A4F7556}") = "PersonService.Presentation", "PersonService.Presentation\PersonService.Presentation.csproj", "{52DDE45C-3EF9-41A9-AA6F-8BBC589ACE7A}"
EndProject
Project("{9A19103F-16F7-4668-BE54-9A1E7A4F7556}") = "PersonService.Api", "PersonService.Api\PersonService.Api.csproj", "{543C2F83-D85C-4959-8ACF-1AAC385D0B2A}"
EndProject
Project("{2150E333-8FDC-42A3-9474-1A3956D46DE8}") = "ReportsService", "ReportsService", "{3711C19B-BB91-45A2-B9C2-3D9FD76CA411}"
EndProject
Project("{2150E333-8FDC-42A3-9474-1A3956D46DE8}") = "src", "src", "{5A35AF0A-491B-4DC4-AAC4-CFB62DC550C3}"
EndProject
Project("{2150E333-8FDC-42A3-9474-1A3956D46DE8}") = "test", "test", "{469ABF60-F498-4CCB-BBE3-95CE11EACEB0}"
EndProject
Project("{2150E333-8FDC-42A3-9474-1A3956D46DE8}") = "Core", "Core", "{1FFA0D6F-BE2F-4B83-ADE2-4961AF486497}"
EndProject
Project("{2150E333-8FDC-42A3-9474-1A3956D46DE8}") = "External", "External", "{9A3255E6-0B72-4448-B13C-90034F10F1EF}"
EndProject
Project("{9A19103F-16F7-4668-BE54-9A1E7A4F7556}") = "ReportsService.Domain", "ReportsService.Domain\ReportsService.Domain.csproj", "{343216C1-CF74-4E6E-9482-90E585AD9651}"
EndProject
Project("{9A19103F-16F7-4668-BE54-9A1E7A4F7556}") = "ReportsService.Application", "ReportsService.Application\ReportsService.Application.csproj", "{1DD72651-D6DC-4C14-88EF-32D4BC8A321C}"
EndProject
Project("{9A19103F-16F7-4668-BE54-9A1E7A4F7556}") = "ReportsService.Infrasturcture", "ReportsService.Infrasturcture\ReportsService.Infrasturcture.csproj", "{1B7E54E9-1A12-46EA-87C3-6E85271B07A4}"
EndProject
Project("{9A19103F-16F7-4668-BE54-9A1E7A4F7556}") = "ReportsService.Persistance", "ReportsService.Persistance\ReportsService.Persistance.csproj", "{02355A43-19E1-4501-985F-EEB229505274}"
EndProject
Project("{9A19103F-16F7-4668-BE54-9A1E7A4F7556}") = "ReportsService.Presentation", "ReportsService.Presentation\ReportsService.Presentation.csproj", "{2A773122-EEFB-4053-A350-708D0C8EEA78}"
EndProject
Project("{9A19103F-16F7-4668-BE54-9A1E7A4F7556}") = "ReportsService.Api", "ReportsService.Api\ReportsService.Api.csproj", "{2075F05E-80BA-41F2-A9B7-65BF96512E3E}"
EndProject
Project("{2150E333-8FDC-42A3-9474-1A3956D46DE8}") = "ApiGateway", "ApiGateway", "{ECE746D3-64A2-4BBD-B130-0B8DC97BAAD9}"
EndProject
Project("{9A19103F-16F7-4668-BE54-9A1E7A4F7556}") = "OcelotApi", "OcelotApi\OcelotApi.csproj", "{6C89490B-D496-41EE-9C62-87DB37B8A45E}"
EndProject
Project("{FAE04EC0-301F-11D3-BF4B-00C04F79EFBC}") = "PersonService.UnitTest", "PersonService.UnitTest\PersonService.UnitTest.csproj", "{7E95AEE7-21EC-4331-AFA0-C466E710E0ED}"
EndProject
Global
	GlobalSection(SolutionConfigurationPlatforms) = preSolution
		Debug|Any CPU = Debug|Any CPU
		Release|Any CPU = Release|Any CPU
	EndGlobalSection
	GlobalSection(ProjectConfigurationPlatforms) = postSolution
		{2EB71E6A-A51E-469E-A41E-5E1B11199DA5}.Debug|Any CPU.ActiveCfg = Debug|Any CPU
		{2EB71E6A-A51E-469E-A41E-5E1B11199DA5}.Debug|Any CPU.Build.0 = Debug|Any CPU
		{2EB71E6A-A51E-469E-A41E-5E1B11199DA5}.Release|Any CPU.ActiveCfg = Release|Any CPU
		{2EB71E6A-A51E-469E-A41E-5E1B11199DA5}.Release|Any CPU.Build.0 = Release|Any CPU
		{5DAD1174-9E67-40E0-A1A1-BB8BEA40F48E}.Debug|Any CPU.ActiveCfg = Debug|Any CPU
		{5DAD1174-9E67-40E0-A1A1-BB8BEA40F48E}.Debug|Any CPU.Build.0 = Debug|Any CPU
		{5DAD1174-9E67-40E0-A1A1-BB8BEA40F48E}.Release|Any CPU.ActiveCfg = Release|Any CPU
		{5DAD1174-9E67-40E0-A1A1-BB8BEA40F48E}.Release|Any CPU.Build.0 = Release|Any CPU
		{AE70AC3F-E938-45AA-81FD-1CE6A4D57ADF}.Debug|Any CPU.ActiveCfg = Debug|Any CPU
		{AE70AC3F-E938-45AA-81FD-1CE6A4D57ADF}.Debug|Any CPU.Build.0 = Debug|Any CPU
		{AE70AC3F-E938-45AA-81FD-1CE6A4D57ADF}.Release|Any CPU.ActiveCfg = Release|Any CPU
		{AE70AC3F-E938-45AA-81FD-1CE6A4D57ADF}.Release|Any CPU.Build.0 = Release|Any CPU
		{1F78ACE9-8081-4D89-9157-783AD3E58A39}.Debug|Any CPU.ActiveCfg = Debug|Any CPU
		{1F78ACE9-8081-4D89-9157-783AD3E58A39}.Debug|Any CPU.Build.0 = Debug|Any CPU
		{1F78ACE9-8081-4D89-9157-783AD3E58A39}.Release|Any CPU.ActiveCfg = Release|Any CPU
		{1F78ACE9-8081-4D89-9157-783AD3E58A39}.Release|Any CPU.Build.0 = Release|Any CPU
		{52DDE45C-3EF9-41A9-AA6F-8BBC589ACE7A}.Debug|Any CPU.ActiveCfg = Debug|Any CPU
		{52DDE45C-3EF9-41A9-AA6F-8BBC589ACE7A}.Debug|Any CPU.Build.0 = Debug|Any CPU
		{52DDE45C-3EF9-41A9-AA6F-8BBC589ACE7A}.Release|Any CPU.ActiveCfg = Release|Any CPU
		{52DDE45C-3EF9-41A9-AA6F-8BBC589ACE7A}.Release|Any CPU.Build.0 = Release|Any CPU
		{543C2F83-D85C-4959-8ACF-1AAC385D0B2A}.Debug|Any CPU.ActiveCfg = Debug|Any CPU
		{543C2F83-D85C-4959-8ACF-1AAC385D0B2A}.Debug|Any CPU.Build.0 = Debug|Any CPU
		{543C2F83-D85C-4959-8ACF-1AAC385D0B2A}.Release|Any CPU.ActiveCfg = Release|Any CPU
		{543C2F83-D85C-4959-8ACF-1AAC385D0B2A}.Release|Any CPU.Build.0 = Release|Any CPU
		{343216C1-CF74-4E6E-9482-90E585AD9651}.Debug|Any CPU.ActiveCfg = Debug|Any CPU
		{343216C1-CF74-4E6E-9482-90E585AD9651}.Debug|Any CPU.Build.0 = Debug|Any CPU
		{343216C1-CF74-4E6E-9482-90E585AD9651}.Release|Any CPU.ActiveCfg = Release|Any CPU
		{343216C1-CF74-4E6E-9482-90E585AD9651}.Release|Any CPU.Build.0 = Release|Any CPU
		{1DD72651-D6DC-4C14-88EF-32D4BC8A321C}.Debug|Any CPU.ActiveCfg = Debug|Any CPU
		{1DD72651-D6DC-4C14-88EF-32D4BC8A321C}.Debug|Any CPU.Build.0 = Debug|Any CPU
		{1DD72651-D6DC-4C14-88EF-32D4BC8A321C}.Release|Any CPU.ActiveCfg = Release|Any CPU
		{1DD72651-D6DC-4C14-88EF-32D4BC8A321C}.Release|Any CPU.Build.0 = Release|Any CPU
		{1B7E54E9-1A12-46EA-87C3-6E85271B07A4}.Debug|Any CPU.ActiveCfg = Debug|Any CPU
		{1B7E54E9-1A12-46EA-87C3-6E85271B07A4}.Debug|Any CPU.Build.0 = Debug|Any CPU
		{1B7E54E9-1A12-46EA-87C3-6E85271B07A4}.Release|Any CPU.ActiveCfg = Release|Any CPU
		{1B7E54E9-1A12-46EA-87C3-6E85271B07A4}.Release|Any CPU.Build.0 = Release|Any CPU
		{02355A43-19E1-4501-985F-EEB229505274}.Debug|Any CPU.ActiveCfg = Debug|Any CPU
		{02355A43-19E1-4501-985F-EEB229505274}.Debug|Any CPU.Build.0 = Debug|Any CPU
		{02355A43-19E1-4501-985F-EEB229505274}.Release|Any CPU.ActiveCfg = Release|Any CPU
		{02355A43-19E1-4501-985F-EEB229505274}.Release|Any CPU.Build.0 = Release|Any CPU
		{2A773122-EEFB-4053-A350-708D0C8EEA78}.Debug|Any CPU.ActiveCfg = Debug|Any CPU
		{2A773122-EEFB-4053-A350-708D0C8EEA78}.Debug|Any CPU.Build.0 = Debug|Any CPU
		{2A773122-EEFB-4053-A350-708D0C8EEA78}.Release|Any CPU.ActiveCfg = Release|Any CPU
		{2A773122-EEFB-4053-A350-708D0C8EEA78}.Release|Any CPU.Build.0 = Release|Any CPU
		{2075F05E-80BA-41F2-A9B7-65BF96512E3E}.Debug|Any CPU.ActiveCfg = Debug|Any CPU
		{2075F05E-80BA-41F2-A9B7-65BF96512E3E}.Debug|Any CPU.Build.0 = Debug|Any CPU
		{2075F05E-80BA-41F2-A9B7-65BF96512E3E}.Release|Any CPU.ActiveCfg = Release|Any CPU
		{2075F05E-80BA-41F2-A9B7-65BF96512E3E}.Release|Any CPU.Build.0 = Release|Any CPU
		{6C89490B-D496-41EE-9C62-87DB37B8A45E}.Debug|Any CPU.ActiveCfg = Debug|Any CPU
		{6C89490B-D496-41EE-9C62-87DB37B8A45E}.Debug|Any CPU.Build.0 = Debug|Any CPU
		{6C89490B-D496-41EE-9C62-87DB37B8A45E}.Release|Any CPU.ActiveCfg = Release|Any CPU
		{6C89490B-D496-41EE-9C62-87DB37B8A45E}.Release|Any CPU.Build.0 = Release|Any CPU
		{7E95AEE7-21EC-4331-AFA0-C466E710E0ED}.Debug|Any CPU.ActiveCfg = Debug|Any CPU
		{7E95AEE7-21EC-4331-AFA0-C466E710E0ED}.Debug|Any CPU.Build.0 = Debug|Any CPU
		{7E95AEE7-21EC-4331-AFA0-C466E710E0ED}.Release|Any CPU.ActiveCfg = Release|Any CPU
		{7E95AEE7-21EC-4331-AFA0-C466E710E0ED}.Release|Any CPU.Build.0 = Release|Any CPU
	EndGlobalSection
	GlobalSection(SolutionProperties) = preSolution
		HideSolutionNode = FALSE
	EndGlobalSection
	GlobalSection(NestedProjects) = preSolution
		{96424FBD-7664-4FC3-9AFE-3F07A6461DFC} = {DA13E24A-FBB3-417A-81F7-DBE541B67CF0}
		{5BFA5A33-94F6-4EAA-9739-E9315D9AB6B2} = {CAF3DB8C-B931-4B10-926A-FF7180D9DEAB}
		{02B3ADD8-1BFA-4EFE-8C95-306BB1237090} = {CAF3DB8C-B931-4B10-926A-FF7180D9DEAB}
		{2EB71E6A-A51E-469E-A41E-5E1B11199DA5} = {5BFA5A33-94F6-4EAA-9739-E9315D9AB6B2}
		{CAF3DB8C-B931-4B10-926A-FF7180D9DEAB} = {96424FBD-7664-4FC3-9AFE-3F07A6461DFC}
		{E447B1F7-1C7C-463A-A963-03AE98DF76A2} = {96424FBD-7664-4FC3-9AFE-3F07A6461DFC}
		{5DAD1174-9E67-40E0-A1A1-BB8BEA40F48E} = {5BFA5A33-94F6-4EAA-9739-E9315D9AB6B2}
		{AE70AC3F-E938-45AA-81FD-1CE6A4D57ADF} = {02B3ADD8-1BFA-4EFE-8C95-306BB1237090}
		{1F78ACE9-8081-4D89-9157-783AD3E58A39} = {02B3ADD8-1BFA-4EFE-8C95-306BB1237090}
		{52DDE45C-3EF9-41A9-AA6F-8BBC589ACE7A} = {02B3ADD8-1BFA-4EFE-8C95-306BB1237090}
		{543C2F83-D85C-4959-8ACF-1AAC385D0B2A} = {CAF3DB8C-B931-4B10-926A-FF7180D9DEAB}
		{3711C19B-BB91-45A2-B9C2-3D9FD76CA411} = {DA13E24A-FBB3-417A-81F7-DBE541B67CF0}
		{5A35AF0A-491B-4DC4-AAC4-CFB62DC550C3} = {3711C19B-BB91-45A2-B9C2-3D9FD76CA411}
		{469ABF60-F498-4CCB-BBE3-95CE11EACEB0} = {3711C19B-BB91-45A2-B9C2-3D9FD76CA411}
		{1FFA0D6F-BE2F-4B83-ADE2-4961AF486497} = {5A35AF0A-491B-4DC4-AAC4-CFB62DC550C3}
		{9A3255E6-0B72-4448-B13C-90034F10F1EF} = {5A35AF0A-491B-4DC4-AAC4-CFB62DC550C3}
		{343216C1-CF74-4E6E-9482-90E585AD9651} = {1FFA0D6F-BE2F-4B83-ADE2-4961AF486497}
		{1DD72651-D6DC-4C14-88EF-32D4BC8A321C} = {1FFA0D6F-BE2F-4B83-ADE2-4961AF486497}
		{1B7E54E9-1A12-46EA-87C3-6E85271B07A4} = {9A3255E6-0B72-4448-B13C-90034F10F1EF}
		{02355A43-19E1-4501-985F-EEB229505274} = {9A3255E6-0B72-4448-B13C-90034F10F1EF}
		{2A773122-EEFB-4053-A350-708D0C8EEA78} = {9A3255E6-0B72-4448-B13C-90034F10F1EF}
		{2075F05E-80BA-41F2-A9B7-65BF96512E3E} = {5A35AF0A-491B-4DC4-AAC4-CFB62DC550C3}
		{6C89490B-D496-41EE-9C62-87DB37B8A45E} = {ECE746D3-64A2-4BBD-B130-0B8DC97BAAD9}
		{7E95AEE7-21EC-4331-AFA0-C466E710E0ED} = {E447B1F7-1C7C-463A-A963-03AE98DF76A2}
	EndGlobalSection
	GlobalSection(ExtensibilityGlobals) = postSolution
		SolutionGuid = {941DB20C-D815-41A1-AB25-6393A2564AAB}
	EndGlobalSection
EndGlobal
